<?xml version="1.0" encoding="UTF-8" standalone="yes" ?>
<CodeBlocks_project_file>
	<FileVersion major="1" minor="6" />
	<Project>
		<Option title="hako" />
		<Option pch_mode="2" />
		<Option compiler="gcc" />
		<Build>
			<Target title="Win32 Debug">
				<Option output="bin/win32_debug/hako" prefix_auto="1" extension_auto="1" />
				<Option object_output="obj/win32_debug/" />
				<Option type="1" />
				<Option compiler="gcc" />
				<Option use_console_runner="0" />
				<Compiler>
					<Add option="-march=core2" />
					<Add option="-pedantic" />
					<Add option="-std=c++11" />
					<Add option="-Wextra" />
					<Add option="-Wall" />
					<Add option="-g" />
					<Add option="-DHAKO_BUILD_WIN32" />
					<Add option="-DHAKO_BUILD_GFXOPENGL" />
					<Add option="-DHAKO_BUILD_DEBUG" />
				</Compiler>
				<Linker>
					<Add option="-static-libgcc" />
					<Add option="-static-libstdc++" />
					<Add option="-lopengl32" />
					<Add option="-lgdi32" />
				</Linker>
			</Target>
			<Target title="Win32 Release">
				<Option output="bin/win32_release/hako" prefix_auto="1" extension_auto="1" />
				<Option object_output="obj/win32_release/" />
				<Option type="1" />
				<Option compiler="gcc" />
				<Option use_console_runner="0" />
				<Compiler>
					<Add option="-march=core2" />
					<Add option="-fexpensive-optimizations" />
					<Add option="-O3" />
					<Add option="-pedantic" />
					<Add option="-std=c++11" />
					<Add option="-Wextra" />
					<Add option="-Wall" />
					<Add option="-DHAKO_BUILD_WIN32" />
					<Add option="-DHAKO_BUILD_GFXOPENGL" />
				</Compiler>
				<Linker>
					<Add option="-s" />
					<Add option="-static-libgcc" />
					<Add option="-static-libstdc++" />
					<Add option="-lopengl32" />
					<Add option="-lgdi32" />
				</Linker>
			</Target>
			<Target title="Linux Debug">
				<Option output="bin/linux_debug/hako" prefix_auto="1" extension_auto="1" />
				<Option object_output="obj/linux_debug/" />
				<Option type="1" />
				<Option compiler="gcc" />
				<Option use_console_runner="0" />
				<Compiler>
					<Add option="-march=core2" />
					<Add option="-pedantic" />
					<Add option="-std=c++11" />
					<Add option="-Wextra" />
					<Add option="-Wall" />
					<Add option="-g" />
					<Add option="-DHAKO_BUILD_LINUX" />
					<Add option="-DHAKO_BUILD_GFXOPENGL" />
					<Add option="-DHAKO_BUILD_DEBUG" />
				</Compiler>
				<Linker>
					<Add option="-lX11" />
					<Add option="-lGL" />
				</Linker>
			</Target>
			<Target title="Linux Release">
				<Option output="bin/linux_release/hako" prefix_auto="1" extension_auto="1" />
				<Option object_output="obj/linux_release/" />
				<Option type="1" />
				<Option compiler="gcc" />
				<Option use_console_runner="0" />
				<Compiler>
					<Add option="-march=core2" />
					<Add option="-fexpensive-optimizations" />
					<Add option="-O3" />
					<Add option="-pedantic" />
					<Add option="-std=c++11" />
					<Add option="-Wextra" />
					<Add option="-Wall" />
					<Add option="-DHAKO_BUILD_LINUX" />
					<Add option="-DHAKO_BUILD_GFXOPENGL" />
				</Compiler>
				<Linker>
					<Add option="-s" />
					<Add option="-lX11" />
					<Add option="-lGL" />
				</Linker>
			</Target>
		</Build>
		<Compiler>
			<Add directory="src/" />
		</Compiler>
		<Unit filename="src/hako/application.cpp" />
		<Unit filename="src/hako/application.h" />
		<Unit filename="src/hako/common/callback.h" />
		<Unit filename="src/hako/common/debug.h" />
		<Unit filename="src/hako/common/ds/vector.h" />
		<Unit filename="src/hako/common/mem.h" />
		<Unit filename="src/hako/common/options.h" />
		<Unit filename="src/hako/common/string.h" />
		<Unit filename="src/hako/engine/bindings.h" />
		<Unit filename="src/hako/engine/engine.cpp" />
		<Unit filename="src/hako/engine/engine.h" />
		<Unit filename="src/hako/engine/filesys/manager.h" />
		<Unit filename="src/hako/engine/filesys/manager_stdio.cpp" />
		<Unit filename="src/hako/engine/filesys/manager_stdio.h" />
		<Unit filename="src/hako/engine/gfx/commandlist.h" />
		<Unit filename="src/hako/engine/gfx/manager.cpp" />
		<Unit filename="src/hako/engine/gfx/manager.h" />
		<Unit filename="src/hako/engine/gfx/material.h" />
		<Unit filename="src/hako/engine/gfx/mesh.h" />
		<Unit filename="src/hako/engine/input/manager.h" />
		<Unit filename="src/hako/engine/sfx/manager.h" />
		<Unit filename="src/hako/engine/task.cpp" />
		<Unit filename="src/hako/engine/task.h" />
		<Unit filename="src/hako/linux/main.cpp" />
		<Unit filename="src/hako/linux/window.h" />
		<Unit filename="src/hako/linux/window_opengl.cpp" />
		<Unit filename="src/hako/linux/window_opengl.h" />
		<Unit filename="src/hako/opengl/gl_includes.cpp" />
		<Unit filename="src/hako/opengl/gl_includes.h" />
		<Unit filename="src/hako/opengl/gl_includes_linux.cpp" />
		<Unit filename="src/hako/opengl/gl_includes_linux.h" />
		<Unit filename="src/hako/opengl/gl_includes_win32.cpp" />
		<Unit filename="src/hako/opengl/gl_includes_win32.h" />
		<Unit filename="src/hako/opengl/material.cpp" />
		<Unit filename="src/hako/opengl/material.h" />
		<Unit filename="src/hako/opengl/mesh.cpp" />
		<Unit filename="src/hako/opengl/mesh.h" />
		<Unit filename="src/hako/opengl/render.cpp" />
		<Unit filename="src/hako/opengl/render.h" />
		<Unit filename="src/hako/win32/main.cpp" />
		<Unit filename="src/hako/win32/window.h" />
		<Unit filename="src/hako/win32/window_opengl.cpp" />
		<Unit filename="src/hako/win32/window_opengl.h" />
		<Extensions>
			<code_completion />
			<envvars />
			<debugger />
			<lib_finder disable_auto="1" />
		</Extensions>
	</Project>
</CodeBlocks_project_file>
